
Microsoft Visual Studio Solution File, Format Version 12.00
# Visual Studio Version 16
VisualStudioVersion = 16.0.31129.286
MinimumVisualStudioVersion = 10.0.40219.1
Project("{9A19103F-16F7-4668-BE54-9A1E7A4F7556}") = "ShopClothesBackend", "ShopClothesBackend\ShopClothesBackend.csproj", "{915AC395-6221-4623-AD05-C836FFCDC0AD}"
EndProject
Project("{9A19103F-16F7-4668-BE54-9A1E7A4F7556}") = "Domain", "Domain\Domain.csproj", "{DE5B5B77-C50B-48DD-939D-E327D497A9F8}"
EndProject
Project("{FAE04EC0-301F-11D3-BF4B-00C04F79EFBC}") = "ShopClothes.Test", "ShopClothes.Test\ShopClothes.Test.csproj", "{B17A1EA6-3AFA-4FEE-8813-5B40A547683D}"
EndProject
Global
	GlobalSection(SolutionConfigurationPlatforms) = preSolution
		Debug|Any CPU = Debug|Any CPU
		Release|Any CPU = Release|Any CPU
	EndGlobalSection
	GlobalSection(ProjectConfigurationPlatforms) = postSolution
		{915AC395-6221-4623-AD05-C836FFCDC0AD}.Debug|Any CPU.ActiveCfg = Debug|Any CPU
		{915AC395-6221-4623-AD05-C836FFCDC0AD}.Debug|Any CPU.Build.0 = Debug|Any CPU
		{915AC395-6221-4623-AD05-C836FFCDC0AD}.Release|Any CPU.ActiveCfg = Release|Any CPU
		{915AC395-6221-4623-AD05-C836FFCDC0AD}.Release|Any CPU.Build.0 = Release|Any CPU
		{DE5B5B77-C50B-48DD-939D-E327D497A9F8}.Debug|Any CPU.ActiveCfg = Debug|Any CPU
		{DE5B5B77-C50B-48DD-939D-E327D497A9F8}.Debug|Any CPU.Build.0 = Debug|Any CPU
		{DE5B5B77-C50B-48DD-939D-E327D497A9F8}.Release|Any CPU.ActiveCfg = Release|Any CPU
		{DE5B5B77-C50B-48DD-939D-E327D497A9F8}.Release|Any CPU.Build.0 = Release|Any CPU
		{B17A1EA6-3AFA-4FEE-8813-5B40A547683D}.Debug|Any CPU.ActiveCfg = Debug|Any CPU
		{B17A1EA6-3AFA-4FEE-8813-5B40A547683D}.Debug|Any CPU.Build.0 = Debug|Any CPU
		{B17A1EA6-3AFA-4FEE-8813-5B40A547683D}.Release|Any CPU.ActiveCfg = Release|Any CPU
		{B17A1EA6-3AFA-4FEE-8813-5B40A547683D}.Release|Any CPU.Build.0 = Release|Any CPU
	EndGlobalSection
	GlobalSection(SolutionProperties) = preSolution
		HideSolutionNode = FALSE
	EndGlobalSection
	GlobalSection(ExtensibilityGlobals) = postSolution
		SolutionGuid = {9FEDB549-A468-46B2-BC69-D91F5B68986C}
	EndGlobalSection
EndGlobal
